
Microsoft Visual Studio Solution File, Format Version 12.00
# Visual Studio Version 17
VisualStudioVersion = 17.12.35527.113 d17.12
MinimumVisualStudioVersion = 10.0.40219.1
Project("{FAE04EC0-301F-11D3-BF4B-00C04F79EFBC}") = "Influencerhub.Common", "Influencerhub.Common.csproj", "{375E73AF-562D-4D32-B9F7-FE65A78CDF5C}"
EndProject
Project("{FAE04EC0-301F-11D3-BF4B-00C04F79EFBC}") = "Influencerhub.API", "..\Influencerhub.Common\Influencerhub.API.csproj", "{04F22C34-7E7C-4B56-A507-4AF0019A74C3}"
EndProject
Project("{FAE04EC0-301F-11D3-BF4B-00C04F79EFBC}") = "Influencerhub.Services", "..\Influencerhub.Services\Influencerhub.Services.csproj", "{E7A38E1D-F753-4C86-ACFF-548E50FFBD51}"
EndProject
Project("{FAE04EC0-301F-11D3-BF4B-00C04F79EFBC}") = "Influencerhub.DAL", "..\Influencerhub.DAL\Influencerhub.DAL.csproj", "{EEA186EA-9150-4E25-B0AB-6C51EA402889}"
EndProject
Global
	GlobalSection(SolutionConfigurationPlatforms) = preSolution
		Debug|Any CPU = Debug|Any CPU
		Release|Any CPU = Release|Any CPU
	EndGlobalSection
	GlobalSection(ProjectConfigurationPlatforms) = postSolution
		{375E73AF-562D-4D32-B9F7-FE65A78CDF5C}.Debug|Any CPU.ActiveCfg = Debug|Any CPU
		{375E73AF-562D-4D32-B9F7-FE65A78CDF5C}.Debug|Any CPU.Build.0 = Debug|Any CPU
		{375E73AF-562D-4D32-B9F7-FE65A78CDF5C}.Release|Any CPU.ActiveCfg = Release|Any CPU
		{375E73AF-562D-4D32-B9F7-FE65A78CDF5C}.Release|Any CPU.Build.0 = Release|Any CPU
		{04F22C34-7E7C-4B56-A507-4AF0019A74C3}.Debug|Any CPU.ActiveCfg = Debug|Any CPU
		{04F22C34-7E7C-4B56-A507-4AF0019A74C3}.Debug|Any CPU.Build.0 = Debug|Any CPU
		{04F22C34-7E7C-4B56-A507-4AF0019A74C3}.Release|Any CPU.ActiveCfg = Release|Any CPU
		{04F22C34-7E7C-4B56-A507-4AF0019A74C3}.Release|Any CPU.Build.0 = Release|Any CPU
		{E7A38E1D-F753-4C86-ACFF-548E50FFBD51}.Debug|Any CPU.ActiveCfg = Debug|Any CPU
		{E7A38E1D-F753-4C86-ACFF-548E50FFBD51}.Debug|Any CPU.Build.0 = Debug|Any CPU
		{E7A38E1D-F753-4C86-ACFF-548E50FFBD51}.Release|Any CPU.ActiveCfg = Release|Any CPU
		{E7A38E1D-F753-4C86-ACFF-548E50FFBD51}.Release|Any CPU.Build.0 = Release|Any CPU
		{EEA186EA-9150-4E25-B0AB-6C51EA402889}.Debug|Any CPU.ActiveCfg = Debug|Any CPU
		{EEA186EA-9150-4E25-B0AB-6C51EA402889}.Debug|Any CPU.Build.0 = Debug|Any CPU
		{EEA186EA-9150-4E25-B0AB-6C51EA402889}.Release|Any CPU.ActiveCfg = Release|Any CPU
		{EEA186EA-9150-4E25-B0AB-6C51EA402889}.Release|Any CPU.Build.0 = Release|Any CPU
	EndGlobalSection
	GlobalSection(SolutionProperties) = preSolution
		HideSolutionNode = FALSE
	EndGlobalSection
EndGlobal
